{
  "name": "documentation",
  "version": "1.0.0",
  "lockfileVersion": 1,
  "requires": true,
  "dependencies": {
    "gitbook-plugin-bandwidth-toggle-chapters": {
      "version": "0.0.4",
      "resolved": "https://registry.npmjs.org/gitbook-plugin-bandwidth-toggle-chapters/-/gitbook-plugin-bandwidth-toggle-chapters-0.0.4.tgz",
      "integrity": "sha512-NEjTv8nT5h8V4SY228zKtEZxMugsfDd66wHeznjNcloJCHYQ5ezGLTxCTGeJXW0NQ7o2fbT7RcYWqRtG2GDW7A=="
    }
  }
}
